
Microsoft Visual Studio Solution File, Format Version 12.00
# Visual Studio Version 17
VisualStudioVersion = 17.4.33213.308
MinimumVisualStudioVersion = 10.0.40219.1
Project("{9A19103F-16F7-4668-BE54-9A1E7A4F7556}") = "utf-task.DataAccess", "src\utf-task.DataAccess\utf-task.DataAccess.csproj", "{3A78F1B1-422C-4327-B08C-7E062C0D731E}"
EndProject
Project("{9A19103F-16F7-4668-BE54-9A1E7A4F7556}") = "utf-task.Domain", "src\utf-task.Domain\utf-task.Domain.csproj", "{5D0B35D9-A6AC-4E8E-B365-59910D3ACA4A}"
EndProject
Project("{9A19103F-16F7-4668-BE54-9A1E7A4F7556}") = "utf-task.Service", "src\utf-task.Service\utf-task.Service.csproj", "{BA43A170-9F56-4FA2-A251-2B05D3E79A14}"
EndProject
Project("{9A19103F-16F7-4668-BE54-9A1E7A4F7556}") = "utf-task.Web", "src\utf-task.Web\utf-task.Web.csproj", "{4590166A-3059-4788-A60E-CC850167D704}"
EndProject
Global
	GlobalSection(SolutionConfigurationPlatforms) = preSolution
		Debug|Any CPU = Debug|Any CPU
		Release|Any CPU = Release|Any CPU
	EndGlobalSection
	GlobalSection(ProjectConfigurationPlatforms) = postSolution
		{3A78F1B1-422C-4327-B08C-7E062C0D731E}.Debug|Any CPU.ActiveCfg = Debug|Any CPU
		{3A78F1B1-422C-4327-B08C-7E062C0D731E}.Debug|Any CPU.Build.0 = Debug|Any CPU
		{3A78F1B1-422C-4327-B08C-7E062C0D731E}.Release|Any CPU.ActiveCfg = Release|Any CPU
		{3A78F1B1-422C-4327-B08C-7E062C0D731E}.Release|Any CPU.Build.0 = Release|Any CPU
		{5D0B35D9-A6AC-4E8E-B365-59910D3ACA4A}.Debug|Any CPU.ActiveCfg = Debug|Any CPU
		{5D0B35D9-A6AC-4E8E-B365-59910D3ACA4A}.Debug|Any CPU.Build.0 = Debug|Any CPU
		{5D0B35D9-A6AC-4E8E-B365-59910D3ACA4A}.Release|Any CPU.ActiveCfg = Release|Any CPU
		{5D0B35D9-A6AC-4E8E-B365-59910D3ACA4A}.Release|Any CPU.Build.0 = Release|Any CPU
		{BA43A170-9F56-4FA2-A251-2B05D3E79A14}.Debug|Any CPU.ActiveCfg = Debug|Any CPU
		{BA43A170-9F56-4FA2-A251-2B05D3E79A14}.Debug|Any CPU.Build.0 = Debug|Any CPU
		{BA43A170-9F56-4FA2-A251-2B05D3E79A14}.Release|Any CPU.ActiveCfg = Release|Any CPU
		{BA43A170-9F56-4FA2-A251-2B05D3E79A14}.Release|Any CPU.Build.0 = Release|Any CPU
		{4590166A-3059-4788-A60E-CC850167D704}.Debug|Any CPU.ActiveCfg = Debug|Any CPU
		{4590166A-3059-4788-A60E-CC850167D704}.Debug|Any CPU.Build.0 = Debug|Any CPU
		{4590166A-3059-4788-A60E-CC850167D704}.Release|Any CPU.ActiveCfg = Release|Any CPU
		{4590166A-3059-4788-A60E-CC850167D704}.Release|Any CPU.Build.0 = Release|Any CPU
	EndGlobalSection
	GlobalSection(SolutionProperties) = preSolution
		HideSolutionNode = FALSE
	EndGlobalSection
	GlobalSection(ExtensibilityGlobals) = postSolution
		SolutionGuid = {DB437719-B44D-42BB-BA12-B0C7B4D71724}
	EndGlobalSection
EndGlobal
